
Microsoft Visual Studio Solution File, Format Version 12.00
# Visual Studio 15
VisualStudioVersion = 15.0.27428.1
MinimumVisualStudioVersion = 10.0.40219.1
Project("{FAE04EC0-301F-11D3-BF4B-00C04F79EFBC}") = "MVCBookStore", "MVCBookStore\MVCBookStore.csproj", "{DAF78AB6-B43D-4B52-974A-D7D885DA9A67}"
EndProject
Global
	GlobalSection(SolutionConfigurationPlatforms) = preSolution
		Debug|Any CPU = Debug|Any CPU
		Release|Any CPU = Release|Any CPU
	EndGlobalSection
	GlobalSection(ProjectConfigurationPlatforms) = postSolution
		{DAF78AB6-B43D-4B52-974A-D7D885DA9A67}.Debug|Any CPU.ActiveCfg = Debug|Any CPU
		{DAF78AB6-B43D-4B52-974A-D7D885DA9A67}.Debug|Any CPU.Build.0 = Debug|Any CPU
		{DAF78AB6-B43D-4B52-974A-D7D885DA9A67}.Release|Any CPU.ActiveCfg = Release|Any CPU
		{DAF78AB6-B43D-4B52-974A-D7D885DA9A67}.Release|Any CPU.Build.0 = Release|Any CPU
	EndGlobalSection
	GlobalSection(SolutionProperties) = preSolution
		HideSolutionNode = FALSE
	EndGlobalSection
	GlobalSection(ExtensibilityGlobals) = postSolution
		SolutionGuid = {3F59C92D-4CF3-4B3B-AB72-011C195B6069}
	EndGlobalSection
EndGlobal
